
Microsoft Visual Studio Solution File, Format Version 12.00
Project("{FAE04EC0-301F-11D3-BF4B-00C04F79EFBC}") = "ProducersConsumers", "ProducersConsumers\ProducersConsumers.csproj", "{CC2DCDBB-5373-4A58-B601-C5CCAD0F6E60}"
EndProject
Global
	GlobalSection(SolutionConfigurationPlatforms) = preSolution
		Debug|Any CPU = Debug|Any CPU
		Release|Any CPU = Release|Any CPU
	EndGlobalSection
	GlobalSection(ProjectConfigurationPlatforms) = postSolution
		{CC2DCDBB-5373-4A58-B601-C5CCAD0F6E60}.Debug|Any CPU.ActiveCfg = Debug|Any CPU
		{CC2DCDBB-5373-4A58-B601-C5CCAD0F6E60}.Debug|Any CPU.Build.0 = Debug|Any CPU
		{CC2DCDBB-5373-4A58-B601-C5CCAD0F6E60}.Release|Any CPU.ActiveCfg = Release|Any CPU
		{CC2DCDBB-5373-4A58-B601-C5CCAD0F6E60}.Release|Any CPU.Build.0 = Release|Any CPU
	EndGlobalSection
EndGlobal
